
Microsoft Visual Studio Solution File, Format Version 12.00
# Visual Studio Version 17
VisualStudioVersion = 17.2.32505.173
MinimumVisualStudioVersion = 10.0.40219.1
Project("{9A19103F-16F7-4668-BE54-9A1E7A4F7556}") = "OopFinal", "OopFinal\OopFinal.csproj", "{3C2B02EF-5DC4-47C6-8987-5D1674CA8106}"
EndProject
Project("{9A19103F-16F7-4668-BE54-9A1E7A4F7556}") = "BussinesLogic", "BussinesLogic\BussinesLogic.csproj", "{E06C7890-5537-4E6B-B2F6-686DA68D591D}"
EndProject
Project("{FAE04EC0-301F-11D3-BF4B-00C04F79EFBC}") = "TestLinq", "TestLinq\TestLinq.csproj", "{FC9A4EB5-7DFF-4EE5-B167-E9C32CFA5DFD}"
EndProject
Global
	GlobalSection(SolutionConfigurationPlatforms) = preSolution
		Debug|Any CPU = Debug|Any CPU
		Release|Any CPU = Release|Any CPU
	EndGlobalSection
	GlobalSection(ProjectConfigurationPlatforms) = postSolution
		{3C2B02EF-5DC4-47C6-8987-5D1674CA8106}.Debug|Any CPU.ActiveCfg = Debug|Any CPU
		{3C2B02EF-5DC4-47C6-8987-5D1674CA8106}.Debug|Any CPU.Build.0 = Debug|Any CPU
		{3C2B02EF-5DC4-47C6-8987-5D1674CA8106}.Release|Any CPU.ActiveCfg = Release|Any CPU
		{3C2B02EF-5DC4-47C6-8987-5D1674CA8106}.Release|Any CPU.Build.0 = Release|Any CPU
		{E06C7890-5537-4E6B-B2F6-686DA68D591D}.Debug|Any CPU.ActiveCfg = Debug|Any CPU
		{E06C7890-5537-4E6B-B2F6-686DA68D591D}.Debug|Any CPU.Build.0 = Debug|Any CPU
		{E06C7890-5537-4E6B-B2F6-686DA68D591D}.Release|Any CPU.ActiveCfg = Release|Any CPU
		{E06C7890-5537-4E6B-B2F6-686DA68D591D}.Release|Any CPU.Build.0 = Release|Any CPU
		{FC9A4EB5-7DFF-4EE5-B167-E9C32CFA5DFD}.Debug|Any CPU.ActiveCfg = Debug|Any CPU
		{FC9A4EB5-7DFF-4EE5-B167-E9C32CFA5DFD}.Debug|Any CPU.Build.0 = Debug|Any CPU
		{FC9A4EB5-7DFF-4EE5-B167-E9C32CFA5DFD}.Release|Any CPU.ActiveCfg = Release|Any CPU
		{FC9A4EB5-7DFF-4EE5-B167-E9C32CFA5DFD}.Release|Any CPU.Build.0 = Release|Any CPU
	EndGlobalSection
	GlobalSection(SolutionProperties) = preSolution
		HideSolutionNode = FALSE
	EndGlobalSection
	GlobalSection(ExtensibilityGlobals) = postSolution
		SolutionGuid = {352D25D4-64FF-4F6E-9599-30421FD073F1}
	EndGlobalSection
EndGlobal
